// !$*UTF8*$!
{
	archiveVersion = 1;
	classes = {
	};
	objectVersion = 77;
	objects = {

/* Begin PBXBuildFile section */
		068B8CC34C6AE5021F7699B4 /* AddExpenseView.swift in Sources */ = {isa = PBXBuildFile; fileRef = 0E8B6D3032FB7776E7777A87 /* AddExpenseView.swift */; };
		06EB3E05B2D29FF73C848BDF /* CreateGroupSheet.swift in Sources */ = {isa = PBXBuildFile; fileRef = 9DE45A111DD0BEF9EB31F3B4 /* CreateGroupSheet.swift */; };
		15304AA9FDCBE1B01E2E2F38 /* GroupCardView.swift in Sources */ = {isa = PBXBuildFile; fileRef = 81284DEFC756B63A7D02AC6A /* GroupCardView.swift */; };
		1C19B285B7F3292EC1BB1413 /* SplitTypography.swift in Sources */ = {isa = PBXBuildFile; fileRef = 7F0851E4925D688701F49411 /* SplitTypography.swift */; };
		25E7C4D6D4654E7122DD0DF2 /* KeychainHelper.swift in Sources */ = {isa = PBXBuildFile; fileRef = 3B1D8C7A1CD83AF22A3D3258 /* KeychainHelper.swift */; };
		34EAE594B568F045761C24A6 /* SplitSpacing.swift in Sources */ = {isa = PBXBuildFile; fileRef = 8E1D1C458357B129F6F4205A /* SplitSpacing.swift */; };
		35CE3D8F20ECB01A1E1B9255 /* SplitBalanceBadge.swift in Sources */ = {isa = PBXBuildFile; fileRef = 26AF8DD8C510621DA88039DB /* SplitBalanceBadge.swift */; };
		3F1C29323A9967A3F8819E8B /* SplitMotion.swift in Sources */ = {isa = PBXBuildFile; fileRef = B24F2DA407EB9BE8F7631199 /* SplitMotion.swift */; };
		4713D7FEFBE1EF40A07B2E97 /* SplitSurface.swift in Sources */ = {isa = PBXBuildFile; fileRef = 2C0591376A746C926C21848F /* SplitSurface.swift */; };
		4D5716A2CA1D563EE6993BF5 /* SplitCalculator.swift in Sources */ = {isa = PBXBuildFile; fileRef = 2B320A587BCD81A2EEC10365 /* SplitCalculator.swift */; };
		4E818CDE8D636F16701FC7C3 /* MockSplitRepositories.swift in Sources */ = {isa = PBXBuildFile; fileRef = 95BAC003745F69D795A0A787 /* MockSplitRepositories.swift */; };
		502E0C384BAB424B7C69E83A /* MemberBalanceRowView.swift in Sources */ = {isa = PBXBuildFile; fileRef = 92C4F9DA5B542B05ABFA9441 /* MemberBalanceRowView.swift */; };
		58480F26342068E5CFDED629 /* ClickSplitApp.swift in Sources */ = {isa = PBXBuildFile; fileRef = DE6C9782ED2E9055438686A7 /* ClickSplitApp.swift */; };
		5AE3FD7DF84906D87B7593A9 /* SplitCard.swift in Sources */ = {isa = PBXBuildFile; fileRef = 96619058CA7764E8AE614372 /* SplitCard.swift */; };
		6062724B6B23756AC99BF7DB /* SupabaseSettlementRepository.swift in Sources */ = {isa = PBXBuildFile; fileRef = 263C52C66F7B0435B564CF3F /* SupabaseSettlementRepository.swift */; };
		64D020069CF0F9B0DF00093E /* SplitHaptics.swift in Sources */ = {isa = PBXBuildFile; fileRef = DB5A7C952ABD81BFCAF00036 /* SplitHaptics.swift */; };
		79FF3DBCDB157E214CE3CA23 /* SplitModels.swift in Sources */ = {isa = PBXBuildFile; fileRef = DE67C6C6B04772C40D33AB92 /* SplitModels.swift */; };
		8528790287F8B3B2FE710A6B /* SupabaseClientTests.swift in Sources */ = {isa = PBXBuildFile; fileRef = B01D9C8807133144F3C6951F /* SupabaseClientTests.swift */; };
		8541F7DE4829F6825607D9ED /* Assets.xcassets in Resources */ = {isa = PBXBuildFile; fileRef = 28C53144A33212BD2365FACE /* Assets.xcassets */; };
		859A8C688875B69784397B6E /* DashboardViewModel.swift in Sources */ = {isa = PBXBuildFile; fileRef = CB538F4D7F8D0D02A4DA9DA7 /* DashboardViewModel.swift */; };
		8E3D1B85F14051890E04888C /* SettleUpView.swift in Sources */ = {isa = PBXBuildFile; fileRef = 4A371370CB23C0FB6675497C /* SettleUpView.swift */; };
		8F8737F7866B59F2679873E7 /* DashboardView.swift in Sources */ = {isa = PBXBuildFile; fileRef = 5F6CE5442C4914743F03EAF2 /* DashboardView.swift */; };
		947E9C07481C3F687F1CD56A /* SplitCalculatorTests.swift in Sources */ = {isa = PBXBuildFile; fileRef = 3175B516836D4298EAB607C1 /* SplitCalculatorTests.swift */; };
		A0C5B85FB2C61A341B4E304C /* SplitColors.swift in Sources */ = {isa = PBXBuildFile; fileRef = 6453990A39F7C43F1B26784D /* SplitColors.swift */; };
		A45E7F3D0222AC7DD14DF34F /* SupabaseGroupRepository.swift in Sources */ = {isa = PBXBuildFile; fileRef = B12FAB078BC9E00623CF292F /* SupabaseGroupRepository.swift */; };
		A4B22622626A9E36C27A2364 /* SplitButton.swift in Sources */ = {isa = PBXBuildFile; fileRef = 85D874860DAFB0B405737A31 /* SplitButton.swift */; };
		A6CEA46116E844FE0687638B /* SplitRepositories.swift in Sources */ = {isa = PBXBuildFile; fileRef = E61660DC22F4068586D9A199 /* SplitRepositories.swift */; };
		AD002FAE85D4A1081BF297C5 /* GroupDetailViewModel.swift in Sources */ = {isa = PBXBuildFile; fileRef = 76A98892BD7BA786E30149CF /* GroupDetailViewModel.swift */; };
		B81C7920F8557224D5B99860 /* ClickSplitRootView.swift in Sources */ = {isa = PBXBuildFile; fileRef = 90C971926FECFD6CFEB2E6F7 /* ClickSplitRootView.swift */; };
		C9059E827EFAFC12C727B6AD /* SupabaseExpenseRepository.swift in Sources */ = {isa = PBXBuildFile; fileRef = F9C9680A68BD436889DDF2CC /* SupabaseExpenseRepository.swift */; };
		C9154E6C249FE6A34C7CA38F /* AppEnvironment.swift in Sources */ = {isa = PBXBuildFile; fileRef = 6B0BF95C4D740B6D0975927B /* AppEnvironment.swift */; };
		C968F9F2FAF7E75DBBCBE8F0 /* SplitSegmentedControl.swift in Sources */ = {isa = PBXBuildFile; fileRef = 5F21748468B7D4EDAC71CC85 /* SplitSegmentedControl.swift */; };
		CFEF7F03BE08580F6319A709 /* GroupDetailView.swift in Sources */ = {isa = PBXBuildFile; fileRef = 875A4440F687E85FB7BEBF93 /* GroupDetailView.swift */; };
		D4962F58163073A2A8EC7525 /* SplitAmount.swift in Sources */ = {isa = PBXBuildFile; fileRef = DF5EAB6A500803BAE1BE834D /* SplitAmount.swift */; };
		D6D3920AB695BF0233D4605E /* ViewExtensions.swift in Sources */ = {isa = PBXBuildFile; fileRef = 00A8112B547B33BE4D1EC487 /* ViewExtensions.swift */; };
		D70CB1023830FA891D645FA4 /* ExpenseRowView.swift in Sources */ = {isa = PBXBuildFile; fileRef = 2EB1133A0B0083B76DB6D8D2 /* ExpenseRowView.swift */; };
		DCB97E6C41D320207A9F71DD /* SessionStore.swift in Sources */ = {isa = PBXBuildFile; fileRef = 7471A0DB2A08D89B3757115A /* SessionStore.swift */; };
		DFF47A0F53B874F6CCE770CE /* SupabaseConfig.swift in Sources */ = {isa = PBXBuildFile; fileRef = EE03450D6BADD89EE74FD3DC /* SupabaseConfig.swift */; };
		E80962CA1E887F02E4F31FF8 /* SupabaseClient.swift in Sources */ = {isa = PBXBuildFile; fileRef = 6AB3DB430C963DD912726839 /* SupabaseClient.swift */; };
/* End PBXBuildFile section */

/* Begin PBXContainerItemProxy section */
		5153F6D9A8780F5498C519A2 /* PBXContainerItemProxy */ = {
			isa = PBXContainerItemProxy;
			containerPortal = 8D283E5B45FC13665A9CDA94 /* Project object */;
			proxyType = 1;
			remoteGlobalIDString = 98A4469E60C746E8EB104F37;
			remoteInfo = ClickSplit;
		};
/* End PBXContainerItemProxy section */

/* Begin PBXFileReference section */
		00A8112B547B33BE4D1EC487 /* ViewExtensions.swift */ = {isa = PBXFileReference; lastKnownFileType = sourcecode.swift; path = ViewExtensions.swift; sourceTree = "<group>"; };
		0E8B6D3032FB7776E7777A87 /* AddExpenseView.swift */ = {isa = PBXFileReference; lastKnownFileType = sourcecode.swift; path = AddExpenseView.swift; sourceTree = "<group>"; };
		121AD1B6A1B7D186F3D05BC1 /* ClickSplit.app */ = {isa = PBXFileReference; includeInIndex = 0; lastKnownFileType = wrapper.application; path = ClickSplit.app; sourceTree = BUILT_PRODUCTS_DIR; };
		263C52C66F7B0435B564CF3F /* SupabaseSettlementRepository.swift */ = {isa = PBXFileReference; lastKnownFileType = sourcecode.swift; path = SupabaseSettlementRepository.swift; sourceTree = "<group>"; };
		26AF8DD8C510621DA88039DB /* SplitBalanceBadge.swift */ = {isa = PBXFileReference; lastKnownFileType = sourcecode.swift; path = SplitBalanceBadge.swift; sourceTree = "<group>"; };
		28C53144A33212BD2365FACE /* Assets.xcassets */ = {isa = PBXFileReference; lastKnownFileType = folder.assetcatalog; path = Assets.xcassets; sourceTree = "<group>"; };
		2B320A587BCD81A2EEC10365 /* SplitCalculator.swift */ = {isa = PBXFileReference; lastKnownFileType = sourcecode.swift; path = SplitCalculator.swift; sourceTree = "<group>"; };
		2C0591376A746C926C21848F /* SplitSurface.swift */ = {isa = PBXFileReference; lastKnownFileType = sourcecode.swift; path = SplitSurface.swift; sourceTree = "<group>"; };
		2EB1133A0B0083B76DB6D8D2 /* ExpenseRowView.swift */ = {isa = PBXFileReference; lastKnownFileType = sourcecode.swift; path = ExpenseRowView.swift; sourceTree = "<group>"; };
		3175B516836D4298EAB607C1 /* SplitCalculatorTests.swift */ = {isa = PBXFileReference; lastKnownFileType = sourcecode.swift; path = SplitCalculatorTests.swift; sourceTree = "<group>"; };
		3B1D8C7A1CD83AF22A3D3258 /* KeychainHelper.swift */ = {isa = PBXFileReference; lastKnownFileType = sourcecode.swift; path = KeychainHelper.swift; sourceTree = "<group>"; };
		4A371370CB23C0FB6675497C /* SettleUpView.swift */ = {isa = PBXFileReference; lastKnownFileType = sourcecode.swift; path = SettleUpView.swift; sourceTree = "<group>"; };
		5F21748468B7D4EDAC71CC85 /* SplitSegmentedControl.swift */ = {isa = PBXFileReference; lastKnownFileType = sourcecode.swift; path = SplitSegmentedControl.swift; sourceTree = "<group>"; };
		5F6CE5442C4914743F03EAF2 /* DashboardView.swift */ = {isa = PBXFileReference; lastKnownFileType = sourcecode.swift; path = DashboardView.swift; sourceTree = "<group>"; };
		6453990A39F7C43F1B26784D /* SplitColors.swift */ = {isa = PBXFileReference; lastKnownFileType = sourcecode.swift; path = SplitColors.swift; sourceTree = "<group>"; };
		6AB3DB430C963DD912726839 /* SupabaseClient.swift */ = {isa = PBXFileReference; lastKnownFileType = sourcecode.swift; path = SupabaseClient.swift; sourceTree = "<group>"; };
		6B0BF95C4D740B6D0975927B /* AppEnvironment.swift */ = {isa = PBXFileReference; lastKnownFileType = sourcecode.swift; path = AppEnvironment.swift; sourceTree = "<group>"; };
		7471A0DB2A08D89B3757115A /* SessionStore.swift */ = {isa = PBXFileReference; lastKnownFileType = sourcecode.swift; path = SessionStore.swift; sourceTree = "<group>"; };
		76A98892BD7BA786E30149CF /* GroupDetailViewModel.swift */ = {isa = PBXFileReference; lastKnownFileType = sourcecode.swift; path = GroupDetailViewModel.swift; sourceTree = "<group>"; };
		7F0851E4925D688701F49411 /* SplitTypography.swift */ = {isa = PBXFileReference; lastKnownFileType = sourcecode.swift; path = SplitTypography.swift; sourceTree = "<group>"; };
		81284DEFC756B63A7D02AC6A /* GroupCardView.swift */ = {isa = PBXFileReference; lastKnownFileType = sourcecode.swift; path = GroupCardView.swift; sourceTree = "<group>"; };
		85D874860DAFB0B405737A31 /* SplitButton.swift */ = {isa = PBXFileReference; lastKnownFileType = sourcecode.swift; path = SplitButton.swift; sourceTree = "<group>"; };
		875A4440F687E85FB7BEBF93 /* GroupDetailView.swift */ = {isa = PBXFileReference; lastKnownFileType = sourcecode.swift; path = GroupDetailView.swift; sourceTree = "<group>"; };
		8D8E37F29C039287DD4DC5E3 /* ClickSplitTests.xctest */ = {isa = PBXFileReference; includeInIndex = 0; lastKnownFileType = wrapper.cfbundle; path = ClickSplitTests.xctest; sourceTree = BUILT_PRODUCTS_DIR; };
		8E1D1C458357B129F6F4205A /* SplitSpacing.swift */ = {isa = PBXFileReference; lastKnownFileType = sourcecode.swift; path = SplitSpacing.swift; sourceTree = "<group>"; };
		90C971926FECFD6CFEB2E6F7 /* ClickSplitRootView.swift */ = {isa = PBXFileReference; lastKnownFileType = sourcecode.swift; path = ClickSplitRootView.swift; sourceTree = "<group>"; };
		92C4F9DA5B542B05ABFA9441 /* MemberBalanceRowView.swift */ = {isa = PBXFileReference; lastKnownFileType = sourcecode.swift; path = MemberBalanceRowView.swift; sourceTree = "<group>"; };
		95BAC003745F69D795A0A787 /* MockSplitRepositories.swift */ = {isa = PBXFileReference; lastKnownFileType = sourcecode.swift; path = MockSplitRepositories.swift; sourceTree = "<group>"; };
		96619058CA7764E8AE614372 /* SplitCard.swift */ = {isa = PBXFileReference; lastKnownFileType = sourcecode.swift; path = SplitCard.swift; sourceTree = "<group>"; };
		9DE45A111DD0BEF9EB31F3B4 /* CreateGroupSheet.swift */ = {isa = PBXFileReference; lastKnownFileType = sourcecode.swift; path = CreateGroupSheet.swift; sourceTree = "<group>"; };
		B01D9C8807133144F3C6951F /* SupabaseClientTests.swift */ = {isa = PBXFileReference; lastKnownFileType = sourcecode.swift; path = SupabaseClientTests.swift; sourceTree = "<group>"; };
		B12FAB078BC9E00623CF292F /* SupabaseGroupRepository.swift */ = {isa = PBXFileReference; lastKnownFileType = sourcecode.swift; path = SupabaseGroupRepository.swift; sourceTree = "<group>"; };
		B24F2DA407EB9BE8F7631199 /* SplitMotion.swift */ = {isa = PBXFileReference; lastKnownFileType = sourcecode.swift; path = SplitMotion.swift; sourceTree = "<group>"; };
		CB538F4D7F8D0D02A4DA9DA7 /* DashboardViewModel.swift */ = {isa = PBXFileReference; lastKnownFileType = sourcecode.swift; path = DashboardViewModel.swift; sourceTree = "<group>"; };
		DB5A7C952ABD81BFCAF00036 /* SplitHaptics.swift */ = {isa = PBXFileReference; lastKnownFileType = sourcecode.swift; path = SplitHaptics.swift; sourceTree = "<group>"; };
		DE67C6C6B04772C40D33AB92 /* SplitModels.swift */ = {isa = PBXFileReference; lastKnownFileType = sourcecode.swift; path = SplitModels.swift; sourceTree = "<group>"; };
		DE6C9782ED2E9055438686A7 /* ClickSplitApp.swift */ = {isa = PBXFileReference; lastKnownFileType = sourcecode.swift; path = ClickSplitApp.swift; sourceTree = "<group>"; };
		DF5EAB6A500803BAE1BE834D /* SplitAmount.swift */ = {isa = PBXFileReference; lastKnownFileType = sourcecode.swift; path = SplitAmount.swift; sourceTree = "<group>"; };
		E61660DC22F4068586D9A199 /* SplitRepositories.swift */ = {isa = PBXFileReference; lastKnownFileType = sourcecode.swift; path = SplitRepositories.swift; sourceTree = "<group>"; };
		EE03450D6BADD89EE74FD3DC /* SupabaseConfig.swift */ = {isa = PBXFileReference; lastKnownFileType = sourcecode.swift; path = SupabaseConfig.swift; sourceTree = "<group>"; };
		F9C9680A68BD436889DDF2CC /* SupabaseExpenseRepository.swift */ = {isa = PBXFileReference; lastKnownFileType = sourcecode.swift; path = SupabaseExpenseRepository.swift; sourceTree = "<group>"; };
/* End PBXFileReference section */

/* Begin PBXGroup section */
		0C98FD56F175F00E4A3231E4 /* Repositories */ = {
			isa = PBXGroup;
			children = (
				95BAC003745F69D795A0A787 /* MockSplitRepositories.swift */,
				F9C9680A68BD436889DDF2CC /* SupabaseExpenseRepository.swift */,
				B12FAB078BC9E00623CF292F /* SupabaseGroupRepository.swift */,
				263C52C66F7B0435B564CF3F /* SupabaseSettlementRepository.swift */,
			);
			path = Repositories;
			sourceTree = "<group>";
		};
		176A5786C1A4B9267E109B51 /* DesignSystem */ = {
			isa = PBXGroup;
			children = (
				6453990A39F7C43F1B26784D /* SplitColors.swift */,
				DB5A7C952ABD81BFCAF00036 /* SplitHaptics.swift */,
				B24F2DA407EB9BE8F7631199 /* SplitMotion.swift */,
				8E1D1C458357B129F6F4205A /* SplitSpacing.swift */,
				2C0591376A746C926C21848F /* SplitSurface.swift */,
				7F0851E4925D688701F49411 /* SplitTypography.swift */,
				52A0B52665CF37FF45253AD4 /* Components */,
			);
			path = DesignSystem;
			sourceTree = "<group>";
		};
		19A919E7CB13307B7F0752D8 /* Products */ = {
			isa = PBXGroup;
			children = (
				121AD1B6A1B7D186F3D05BC1 /* ClickSplit.app */,
				8D8E37F29C039287DD4DC5E3 /* ClickSplitTests.xctest */,
			);
			name = Products;
			sourceTree = "<group>";
		};
		28A41705B201A7CEA814541B /* Expenses */ = {
			isa = PBXGroup;
			children = (
				0E8B6D3032FB7776E7777A87 /* AddExpenseView.swift */,
			);
			path = Expenses;
			sourceTree = "<group>";
		};
		310CD8C0B40C870C0115FCE5 /* Domain */ = {
			isa = PBXGroup;
			children = (
				C228BA07A195F3AB7D0A6BED /* Models */,
				3C6260E007411634A161F382 /* Repositories */,
				A4EE9696F87462FAD950F18C /* Services */,
			);
			path = Domain;
			sourceTree = "<group>";
		};
		3C6260E007411634A161F382 /* Repositories */ = {
			isa = PBXGroup;
			children = (
				E61660DC22F4068586D9A199 /* SplitRepositories.swift */,
			);
			path = Repositories;
			sourceTree = "<group>";
		};
		420E4920043E8855335610AA /* App */ = {
			isa = PBXGroup;
			children = (
				6B0BF95C4D740B6D0975927B /* AppEnvironment.swift */,
				DE6C9782ED2E9055438686A7 /* ClickSplitApp.swift */,
				90C971926FECFD6CFEB2E6F7 /* ClickSplitRootView.swift */,
			);
			path = App;
			sourceTree = "<group>";
		};
		45678140EC6BAA90FD018750 /* Features */ = {
			isa = PBXGroup;
			children = (
				7AA30DCEF97E40CEAB5E75E9 /* Dashboard */,
				28A41705B201A7CEA814541B /* Expenses */,
				8C55F6656B4538CA3EBC29BB /* Groups */,
				8BFFCA20AD7582C9E60B5133 /* Settlement */,
			);
			path = Features;
			sourceTree = "<group>";
		};
		456BE71C858395ABB33BAA47 /* Components */ = {
			isa = PBXGroup;
			children = (
				2EB1133A0B0083B76DB6D8D2 /* ExpenseRowView.swift */,
				92C4F9DA5B542B05ABFA9441 /* MemberBalanceRowView.swift */,
			);
			path = Components;
			sourceTree = "<group>";
		};
		52A0B52665CF37FF45253AD4 /* Components */ = {
			isa = PBXGroup;
			children = (
				DF5EAB6A500803BAE1BE834D /* SplitAmount.swift */,
				26AF8DD8C510621DA88039DB /* SplitBalanceBadge.swift */,
				85D874860DAFB0B405737A31 /* SplitButton.swift */,
				96619058CA7764E8AE614372 /* SplitCard.swift */,
				5F21748468B7D4EDAC71CC85 /* SplitSegmentedControl.swift */,
			);
			path = Components;
			sourceTree = "<group>";
		};
		5E6D71F92B046BAF3FC76251 /* Supabase */ = {
			isa = PBXGroup;
			children = (
				6AB3DB430C963DD912726839 /* SupabaseClient.swift */,
				EE03450D6BADD89EE74FD3DC /* SupabaseConfig.swift */,
			);
			path = Supabase;
			sourceTree = "<group>";
		};
		5E9A793EC295426A8E3AED69 /* ClickSplit */ = {
			isa = PBXGroup;
			children = (
				420E4920043E8855335610AA /* App */,
				CD7052BFB64FBF04E5BD92C5 /* Data */,
				176A5786C1A4B9267E109B51 /* DesignSystem */,
				310CD8C0B40C870C0115FCE5 /* Domain */,
				45678140EC6BAA90FD018750 /* Features */,
				5FED7DCFC9558683B47F6F50 /* Shared */,
			);
			name = ClickSplit;
			path = Sources/ClickSplit;
			sourceTree = "<group>";
		};
		5FED7DCFC9558683B47F6F50 /* Shared */ = {
			isa = PBXGroup;
			children = (
				8F769A9A17AE192391A69D50 /* Extensions */,
			);
			path = Shared;
			sourceTree = "<group>";
		};
		63B49D34C07F2994677A9A27 /* Components */ = {
			isa = PBXGroup;
			children = (
				81284DEFC756B63A7D02AC6A /* GroupCardView.swift */,
			);
			path = Components;
			sourceTree = "<group>";
		};
		6C5B04F4F8E472BDEAC1A2D9 /* Resources */ = {
			isa = PBXGroup;
			children = (
				28C53144A33212BD2365FACE /* Assets.xcassets */,
			);
			path = Resources;
			sourceTree = "<group>";
		};
		767997F69D3612945639FF50 = {
			isa = PBXGroup;
			children = (
				5E9A793EC295426A8E3AED69 /* ClickSplit */,
				C10FA80FB85C942DCEDD533B /* ClickSplitTests */,
				6C5B04F4F8E472BDEAC1A2D9 /* Resources */,
				19A919E7CB13307B7F0752D8 /* Products */,
			);
			sourceTree = "<group>";
		};
		7AA30DCEF97E40CEAB5E75E9 /* Dashboard */ = {
			isa = PBXGroup;
			children = (
				5F6CE5442C4914743F03EAF2 /* DashboardView.swift */,
				CB538F4D7F8D0D02A4DA9DA7 /* DashboardViewModel.swift */,
				63B49D34C07F2994677A9A27 /* Components */,
			);
			path = Dashboard;
			sourceTree = "<group>";
		};
		8BFFCA20AD7582C9E60B5133 /* Settlement */ = {
			isa = PBXGroup;
			children = (
				4A371370CB23C0FB6675497C /* SettleUpView.swift */,
			);
			path = Settlement;
			sourceTree = "<group>";
		};
		8C55F6656B4538CA3EBC29BB /* Groups */ = {
			isa = PBXGroup;
			children = (
				9DE45A111DD0BEF9EB31F3B4 /* CreateGroupSheet.swift */,
				875A4440F687E85FB7BEBF93 /* GroupDetailView.swift */,
				76A98892BD7BA786E30149CF /* GroupDetailViewModel.swift */,
				456BE71C858395ABB33BAA47 /* Components */,
			);
			path = Groups;
			sourceTree = "<group>";
		};
		8F769A9A17AE192391A69D50 /* Extensions */ = {
			isa = PBXGroup;
			children = (
				00A8112B547B33BE4D1EC487 /* ViewExtensions.swift */,
			);
			path = Extensions;
			sourceTree = "<group>";
		};
		A4EE9696F87462FAD950F18C /* Services */ = {
			isa = PBXGroup;
			children = (
				3B1D8C7A1CD83AF22A3D3258 /* KeychainHelper.swift */,
				7471A0DB2A08D89B3757115A /* SessionStore.swift */,
				2B320A587BCD81A2EEC10365 /* SplitCalculator.swift */,
			);
			path = Services;
			sourceTree = "<group>";
		};
		C10FA80FB85C942DCEDD533B /* ClickSplitTests */ = {
			isa = PBXGroup;
			children = (
				3175B516836D4298EAB607C1 /* SplitCalculatorTests.swift */,
				B01D9C8807133144F3C6951F /* SupabaseClientTests.swift */,
			);
			name = ClickSplitTests;
			path = Tests/ClickSplitTests;
			sourceTree = "<group>";
		};
		C228BA07A195F3AB7D0A6BED /* Models */ = {
			isa = PBXGroup;
			children = (
				DE67C6C6B04772C40D33AB92 /* SplitModels.swift */,
			);
			path = Models;
			sourceTree = "<group>";
		};
		CD7052BFB64FBF04E5BD92C5 /* Data */ = {
			isa = PBXGroup;
			children = (
				0C98FD56F175F00E4A3231E4 /* Repositories */,
				5E6D71F92B046BAF3FC76251 /* Supabase */,
			);
			path = Data;
			sourceTree = "<group>";
		};
/* End PBXGroup section */

/* Begin PBXNativeTarget section */
		98A4469E60C746E8EB104F37 /* ClickSplit */ = {
			isa = PBXNativeTarget;
			buildConfigurationList = 86626E811D337BEF4346B8D2 /* Build configuration list for PBXNativeTarget "ClickSplit" */;
			buildPhases = (
				33AADDA67672089C558616C1 /* Sources */,
				99C121A4B46D7CE7AB14E421 /* Resources */,
			);
			buildRules = (
			);
			dependencies = (
			);
			name = ClickSplit;
			packageProductDependencies = (
			);
			productName = ClickSplit;
			productReference = 121AD1B6A1B7D186F3D05BC1 /* ClickSplit.app */;
			productType = "com.apple.product-type.application";
		};
		CD8326D10F6BBCCB1C88A9EF /* ClickSplitTests */ = {
			isa = PBXNativeTarget;
			buildConfigurationList = 7CE456FE6F5C07E2E96D4028 /* Build configuration list for PBXNativeTarget "ClickSplitTests" */;
			buildPhases = (
				916AA7D6DF6368B1DDC791BB /* Sources */,
			);
			buildRules = (
			);
			dependencies = (
				A0DD2229F4E470E1C2DE3916 /* PBXTargetDependency */,
			);
			name = ClickSplitTests;
			packageProductDependencies = (
			);
			productName = ClickSplitTests;
			productReference = 8D8E37F29C039287DD4DC5E3 /* ClickSplitTests.xctest */;
			productType = "com.apple.product-type.bundle.unit-test";
		};
/* End PBXNativeTarget section */

/* Begin PBXProject section */
		8D283E5B45FC13665A9CDA94 /* Project object */ = {
			isa = PBXProject;
			attributes = {
				BuildIndependentTargetsInParallel = YES;
				LastUpgradeCheck = 1600;
				TargetAttributes = {
				};
			};
			buildConfigurationList = 5648C411583C624C845F871F /* Build configuration list for PBXProject "ClickSplit" */;
			developmentRegion = en;
			hasScannedForEncodings = 0;
			knownRegions = (
				Base,
				en,
			);
			mainGroup = 767997F69D3612945639FF50;
			minimizedProjectReferenceProxies = 1;
			preferredProjectObjectVersion = 77;
			productRefGroup = 19A919E7CB13307B7F0752D8 /* Products */;
			projectDirPath = "";
			projectRoot = "";
			targets = (
				98A4469E60C746E8EB104F37 /* ClickSplit */,
				CD8326D10F6BBCCB1C88A9EF /* ClickSplitTests */,
			);
		};
/* End PBXProject section */

/* Begin PBXResourcesBuildPhase section */
		99C121A4B46D7CE7AB14E421 /* Resources */ = {
			isa = PBXResourcesBuildPhase;
			buildActionMask = 2147483647;
			files = (
				8541F7DE4829F6825607D9ED /* Assets.xcassets in Resources */,
			);
			runOnlyForDeploymentPostprocessing = 0;
		};
/* End PBXResourcesBuildPhase section */

/* Begin PBXSourcesBuildPhase section */
		33AADDA67672089C558616C1 /* Sources */ = {
			isa = PBXSourcesBuildPhase;
			buildActionMask = 2147483647;
			files = (
				068B8CC34C6AE5021F7699B4 /* AddExpenseView.swift in Sources */,
				C9154E6C249FE6A34C7CA38F /* AppEnvironment.swift in Sources */,
				58480F26342068E5CFDED629 /* ClickSplitApp.swift in Sources */,
				B81C7920F8557224D5B99860 /* ClickSplitRootView.swift in Sources */,
				06EB3E05B2D29FF73C848BDF /* CreateGroupSheet.swift in Sources */,
				8F8737F7866B59F2679873E7 /* DashboardView.swift in Sources */,
				859A8C688875B69784397B6E /* DashboardViewModel.swift in Sources */,
				D70CB1023830FA891D645FA4 /* ExpenseRowView.swift in Sources */,
				15304AA9FDCBE1B01E2E2F38 /* GroupCardView.swift in Sources */,
				CFEF7F03BE08580F6319A709 /* GroupDetailView.swift in Sources */,
				AD002FAE85D4A1081BF297C5 /* GroupDetailViewModel.swift in Sources */,
				25E7C4D6D4654E7122DD0DF2 /* KeychainHelper.swift in Sources */,
				502E0C384BAB424B7C69E83A /* MemberBalanceRowView.swift in Sources */,
				4E818CDE8D636F16701FC7C3 /* MockSplitRepositories.swift in Sources */,
				DCB97E6C41D320207A9F71DD /* SessionStore.swift in Sources */,
				8E3D1B85F14051890E04888C /* SettleUpView.swift in Sources */,
				D4962F58163073A2A8EC7525 /* SplitAmount.swift in Sources */,
				35CE3D8F20ECB01A1E1B9255 /* SplitBalanceBadge.swift in Sources */,
				A4B22622626A9E36C27A2364 /* SplitButton.swift in Sources */,
				4D5716A2CA1D563EE6993BF5 /* SplitCalculator.swift in Sources */,
				5AE3FD7DF84906D87B7593A9 /* SplitCard.swift in Sources */,
				A0C5B85FB2C61A341B4E304C /* SplitColors.swift in Sources */,
				64D020069CF0F9B0DF00093E /* SplitHaptics.swift in Sources */,
				79FF3DBCDB157E214CE3CA23 /* SplitModels.swift in Sources */,
				3F1C29323A9967A3F8819E8B /* SplitMotion.swift in Sources */,
				A6CEA46116E844FE0687638B /* SplitRepositories.swift in Sources */,
				C968F9F2FAF7E75DBBCBE8F0 /* SplitSegmentedControl.swift in Sources */,
				34EAE594B568F045761C24A6 /* SplitSpacing.swift in Sources */,
				4713D7FEFBE1EF40A07B2E97 /* SplitSurface.swift in Sources */,
				1C19B285B7F3292EC1BB1413 /* SplitTypography.swift in Sources */,
				E80962CA1E887F02E4F31FF8 /* SupabaseClient.swift in Sources */,
				DFF47A0F53B874F6CCE770CE /* SupabaseConfig.swift in Sources */,
				C9059E827EFAFC12C727B6AD /* SupabaseExpenseRepository.swift in Sources */,
				A45E7F3D0222AC7DD14DF34F /* SupabaseGroupRepository.swift in Sources */,
				6062724B6B23756AC99BF7DB /* SupabaseSettlementRepository.swift in Sources */,
				D6D3920AB695BF0233D4605E /* ViewExtensions.swift in Sources */,
			);
			runOnlyForDeploymentPostprocessing = 0;
		};
		916AA7D6DF6368B1DDC791BB /* Sources */ = {
			isa = PBXSourcesBuildPhase;
			buildActionMask = 2147483647;
			files = (
				947E9C07481C3F687F1CD56A /* SplitCalculatorTests.swift in Sources */,
				8528790287F8B3B2FE710A6B /* SupabaseClientTests.swift in Sources */,
			);
			runOnlyForDeploymentPostprocessing = 0;
		};
/* End PBXSourcesBuildPhase section */

/* Begin PBXTargetDependency section */
		A0DD2229F4E470E1C2DE3916 /* PBXTargetDependency */ = {
			isa = PBXTargetDependency;
			target = 98A4469E60C746E8EB104F37 /* ClickSplit */;
			targetProxy = 5153F6D9A8780F5498C519A2 /* PBXContainerItemProxy */;
		};
/* End PBXTargetDependency section */

/* Begin XCBuildConfiguration section */
		4FBA2C869306D9A68C4949B3 /* Debug */ = {
			isa = XCBuildConfiguration;
			buildSettings = {
				ASSETCATALOG_COMPILER_APPICON_NAME = AppIcon;
				ASSETCATALOG_COMPILER_GLOBAL_ACCENT_COLOR_NAME = AccentColor;
				CODE_SIGNING_REQUIRED = NO;
				CODE_SIGN_IDENTITY = "";
				GENERATE_INFOPLIST_FILE = YES;
				INFOPLIST_KEY_CFBundleDisplayName = "Click Split";
				INFOPLIST_KEY_NSCameraUsageDescription = "Click Split needs camera access to scan physical receipts.";
				INFOPLIST_KEY_NSPhotoLibraryUsageDescription = "Click Split needs photo library access to upload receipts.";
				INFOPLIST_KEY_UILaunchScreen_Generation = YES;
				INFOPLIST_KEY_UISupportedInterfaceOrientations = UIInterfaceOrientationPortrait;
				IPHONEOS_DEPLOYMENT_TARGET = 17.0;
				LD_RUNPATH_SEARCH_PATHS = (
					"$(inherited)",
					"@executable_path/Frameworks",
				);
				PRODUCT_BUNDLE_IDENTIFIER = com.clickplatforms.split;
				PRODUCT_NAME = ClickSplit;
				SDKROOT = iphoneos;
				SWIFT_VERSION = 6.0;
				TARGETED_DEVICE_FAMILY = "1,2";
			};
			name = Debug;
		};
		6D2F6E88FB676E1F8E5883E0 /* Release */ = {
			isa = XCBuildConfiguration;
			buildSettings = {
				ASSETCATALOG_COMPILER_APPICON_NAME = AppIcon;
				ASSETCATALOG_COMPILER_GLOBAL_ACCENT_COLOR_NAME = AccentColor;
				CODE_SIGNING_REQUIRED = NO;
				CODE_SIGN_IDENTITY = "";
				GENERATE_INFOPLIST_FILE = YES;
				INFOPLIST_KEY_CFBundleDisplayName = "Click Split";
				INFOPLIST_KEY_NSCameraUsageDescription = "Click Split needs camera access to scan physical receipts.";
				INFOPLIST_KEY_NSPhotoLibraryUsageDescription = "Click Split needs photo library access to upload receipts.";
				INFOPLIST_KEY_UILaunchScreen_Generation = YES;
				INFOPLIST_KEY_UISupportedInterfaceOrientations = UIInterfaceOrientationPortrait;
				IPHONEOS_DEPLOYMENT_TARGET = 17.0;
				LD_RUNPATH_SEARCH_PATHS = (
					"$(inherited)",
					"@executable_path/Frameworks",
				);
				PRODUCT_BUNDLE_IDENTIFIER = com.clickplatforms.split;
				PRODUCT_NAME = ClickSplit;
				SDKROOT = iphoneos;
				SWIFT_VERSION = 6.0;
				TARGETED_DEVICE_FAMILY = "1,2";
			};
			name = Release;
		};
		7DB6C285211E472AD483883F /* Debug */ = {
			isa = XCBuildConfiguration;
			buildSettings = {
				BUNDLE_LOADER = "$(TEST_HOST)";
				CODE_SIGNING_REQUIRED = NO;
				CODE_SIGN_IDENTITY = "";
				GENERATE_INFOPLIST_FILE = YES;
				IPHONEOS_DEPLOYMENT_TARGET = 17.0;
				LD_RUNPATH_SEARCH_PATHS = (
					"$(inherited)",
					"@executable_path/Frameworks",
					"@loader_path/Frameworks",
				);
				PRODUCT_BUNDLE_IDENTIFIER = com.clickplatforms.ClickSplitTests;
				SDKROOT = iphoneos;
				SWIFT_VERSION = 6.0;
				TARGETED_DEVICE_FAMILY = "1,2";
				TEST_HOST = "$(BUILT_PRODUCTS_DIR)/ClickSplit.app/ClickSplit";
			};
			name = Debug;
		};
		AB86AB59F4A329A1BA4EC7FF /* Release */ = {
			isa = XCBuildConfiguration;
			buildSettings = {
				BUNDLE_LOADER = "$(TEST_HOST)";
				CODE_SIGNING_REQUIRED = NO;
				CODE_SIGN_IDENTITY = "";
				GENERATE_INFOPLIST_FILE = YES;
				IPHONEOS_DEPLOYMENT_TARGET = 17.0;
				LD_RUNPATH_SEARCH_PATHS = (
					"$(inherited)",
					"@executable_path/Frameworks",
					"@loader_path/Frameworks",
				);
				PRODUCT_BUNDLE_IDENTIFIER = com.clickplatforms.ClickSplitTests;
				SDKROOT = iphoneos;
				SWIFT_VERSION = 6.0;
				TARGETED_DEVICE_FAMILY = "1,2";
				TEST_HOST = "$(BUILT_PRODUCTS_DIR)/ClickSplit.app/ClickSplit";
			};
			name = Release;
		};
		C67C94E54668926C886D67DC /* Release */ = {
			isa = XCBuildConfiguration;
			buildSettings = {
				ALWAYS_SEARCH_USER_PATHS = NO;
				CLANG_ANALYZER_NONNULL = YES;
				CLANG_ANALYZER_NUMBER_OBJECT_CONVERSION = YES_AGGRESSIVE;
				CLANG_CXX_LANGUAGE_STANDARD = "gnu++14";
				CLANG_CXX_LIBRARY = "libc++";
				CLANG_ENABLE_MODULES = YES;
				CLANG_ENABLE_OBJC_ARC = YES;
				CLANG_ENABLE_OBJC_WEAK = YES;
				CLANG_WARN_BLOCK_CAPTURE_AUTORELEASING = YES;
				CLANG_WARN_BOOL_CONVERSION = YES;
				CLANG_WARN_COMMA = YES;
				CLANG_WARN_CONSTANT_CONVERSION = YES;
				CLANG_WARN_DEPRECATED_OBJC_IMPLEMENTATIONS = YES;
				CLANG_WARN_DIRECT_OBJC_ISA_USAGE = YES_ERROR;
				CLANG_WARN_DOCUMENTATION_COMMENTS = YES;
				CLANG_WARN_EMPTY_BODY = YES;
				CLANG_WARN_ENUM_CONVERSION = YES;
				CLANG_WARN_INFINITE_RECURSION = YES;
				CLANG_WARN_INT_CONVERSION = YES;
				CLANG_WARN_NON_LITERAL_NULL_CONVERSION = YES;
				CLANG_WARN_OBJC_IMPLICIT_RETAIN_SELF = YES;
				CLANG_WARN_OBJC_LITERAL_CONVERSION = YES;
				CLANG_WARN_OBJC_ROOT_CLASS = YES_ERROR;
				CLANG_WARN_QUOTED_INCLUDE_IN_FRAMEWORK_HEADER = YES;
				CLANG_WARN_RANGE_LOOP_ANALYSIS = YES;
				CLANG_WARN_STRICT_PROTOTYPES = YES;
				CLANG_WARN_SUSPICIOUS_MOVE = YES;
				CLANG_WARN_UNGUARDED_AVAILABILITY = YES_AGGRESSIVE;
				CLANG_WARN_UNREACHABLE_CODE = YES;
				CLANG_WARN__DUPLICATE_METHOD_MATCH = YES;
				COPY_PHASE_STRIP = NO;
				DEBUG_INFORMATION_FORMAT = "dwarf-with-dsym";
				ENABLE_NS_ASSERTIONS = NO;
				ENABLE_STRICT_OBJC_MSGSEND = YES;
				GCC_C_LANGUAGE_STANDARD = gnu11;
				GCC_NO_COMMON_BLOCKS = YES;
				GCC_WARN_64_TO_32_BIT_CONVERSION = YES;
				GCC_WARN_ABOUT_RETURN_TYPE = YES_ERROR;
				GCC_WARN_UNDECLARED_SELECTOR = YES;
				GCC_WARN_UNINITIALIZED_AUTOS = YES_AGGRESSIVE;
				GCC_WARN_UNUSED_FUNCTION = YES;
				GCC_WARN_UNUSED_VARIABLE = YES;
				IPHONEOS_DEPLOYMENT_TARGET = 17.0;
				MTL_ENABLE_DEBUG_INFO = NO;
				MTL_FAST_MATH = YES;
				PRODUCT_NAME = "$(TARGET_NAME)";
				SDKROOT = iphoneos;
				SWIFT_COMPILATION_MODE = wholemodule;
				SWIFT_OPTIMIZATION_LEVEL = "-O";
				SWIFT_VERSION = 5.0;
			};
			name = Release;
		};
		E3655FD902486E0D9E26D52D /* Debug */ = {
			isa = XCBuildConfiguration;
			buildSettings = {
				ALWAYS_SEARCH_USER_PATHS = NO;
				CLANG_ANALYZER_NONNULL = YES;
				CLANG_ANALYZER_NUMBER_OBJECT_CONVERSION = YES_AGGRESSIVE;
				CLANG_CXX_LANGUAGE_STANDARD = "gnu++14";
				CLANG_CXX_LIBRARY = "libc++";
				CLANG_ENABLE_MODULES = YES;
				CLANG_ENABLE_OBJC_ARC = YES;
				CLANG_ENABLE_OBJC_WEAK = YES;
				CLANG_WARN_BLOCK_CAPTURE_AUTORELEASING = YES;
				CLANG_WARN_BOOL_CONVERSION = YES;
				CLANG_WARN_COMMA = YES;
				CLANG_WARN_CONSTANT_CONVERSION = YES;
				CLANG_WARN_DEPRECATED_OBJC_IMPLEMENTATIONS = YES;
				CLANG_WARN_DIRECT_OBJC_ISA_USAGE = YES_ERROR;
				CLANG_WARN_DOCUMENTATION_COMMENTS = YES;
				CLANG_WARN_EMPTY_BODY = YES;
				CLANG_WARN_ENUM_CONVERSION = YES;
				CLANG_WARN_INFINITE_RECURSION = YES;
				CLANG_WARN_INT_CONVERSION = YES;
				CLANG_WARN_NON_LITERAL_NULL_CONVERSION = YES;
				CLANG_WARN_OBJC_IMPLICIT_RETAIN_SELF = YES;
				CLANG_WARN_OBJC_LITERAL_CONVERSION = YES;
				CLANG_WARN_OBJC_ROOT_CLASS = YES_ERROR;
				CLANG_WARN_QUOTED_INCLUDE_IN_FRAMEWORK_HEADER = YES;
				CLANG_WARN_RANGE_LOOP_ANALYSIS = YES;
				CLANG_WARN_STRICT_PROTOTYPES = YES;
				CLANG_WARN_SUSPICIOUS_MOVE = YES;
				CLANG_WARN_UNGUARDED_AVAILABILITY = YES_AGGRESSIVE;
				CLANG_WARN_UNREACHABLE_CODE = YES;
				CLANG_WARN__DUPLICATE_METHOD_MATCH = YES;
				COPY_PHASE_STRIP = NO;
				DEBUG_INFORMATION_FORMAT = dwarf;
				ENABLE_STRICT_OBJC_MSGSEND = YES;
				ENABLE_TESTABILITY = YES;
				GCC_C_LANGUAGE_STANDARD = gnu11;
				GCC_DYNAMIC_NO_PIC = NO;
				GCC_NO_COMMON_BLOCKS = YES;
				GCC_OPTIMIZATION_LEVEL = 0;
				GCC_PREPROCESSOR_DEFINITIONS = (
					"$(inherited)",
					"DEBUG=1",
				);
				GCC_WARN_64_TO_32_BIT_CONVERSION = YES;
				GCC_WARN_ABOUT_RETURN_TYPE = YES_ERROR;
				GCC_WARN_UNDECLARED_SELECTOR = YES;
				GCC_WARN_UNINITIALIZED_AUTOS = YES_AGGRESSIVE;
				GCC_WARN_UNUSED_FUNCTION = YES;
				GCC_WARN_UNUSED_VARIABLE = YES;
				IPHONEOS_DEPLOYMENT_TARGET = 17.0;
				MTL_ENABLE_DEBUG_INFO = INCLUDE_SOURCE;
				MTL_FAST_MATH = YES;
				ONLY_ACTIVE_ARCH = YES;
				PRODUCT_NAME = "$(TARGET_NAME)";
				SDKROOT = iphoneos;
				SWIFT_ACTIVE_COMPILATION_CONDITIONS = DEBUG;
				SWIFT_OPTIMIZATION_LEVEL = "-Onone";
				SWIFT_VERSION = 5.0;
			};
			name = Debug;
		};
/* End XCBuildConfiguration section */

/* Begin XCConfigurationList section */
		5648C411583C624C845F871F /* Build configuration list for PBXProject "ClickSplit" */ = {
			isa = XCConfigurationList;
			buildConfigurations = (
				E3655FD902486E0D9E26D52D /* Debug */,
				C67C94E54668926C886D67DC /* Release */,
			);
			defaultConfigurationIsVisible = 0;
			defaultConfigurationName = Debug;
		};
		7CE456FE6F5C07E2E96D4028 /* Build configuration list for PBXNativeTarget "ClickSplitTests" */ = {
			isa = XCConfigurationList;
			buildConfigurations = (
				7DB6C285211E472AD483883F /* Debug */,
				AB86AB59F4A329A1BA4EC7FF /* Release */,
			);
			defaultConfigurationIsVisible = 0;
			defaultConfigurationName = Debug;
		};
		86626E811D337BEF4346B8D2 /* Build configuration list for PBXNativeTarget "ClickSplit" */ = {
			isa = XCConfigurationList;
			buildConfigurations = (
				4FBA2C869306D9A68C4949B3 /* Debug */,
				6D2F6E88FB676E1F8E5883E0 /* Release */,
			);
			defaultConfigurationIsVisible = 0;
			defaultConfigurationName = Debug;
		};
/* End XCConfigurationList section */
	};
	rootObject = 8D283E5B45FC13665A9CDA94 /* Project object */;
}
